lockfileVersion: 5.4

specifiers:
  three: ^0.149.0
  three-obj-mtl-loader: ^1.0.3

dependencies:
  three: 0.149.0
  three-obj-mtl-loader: 1.0.3_three@0.149.0

packages:

  /three-obj-mtl-loader/1.0.3_three@0.149.0:
    resolution: {integrity: sha512-0z7BfyG6vYPY9RvxJvL4rq8PbNrF42Kn4zxeqTfeDzJN++2oKbtCQhxHs5vLULnDuCRTEyDFf5TYvO+1vnJ7KQ==}
    peerDependencies:
      three: '>= 0.91'
    dependencies:
      three: 0.149.0
    dev: false

  /three/0.149.0:
    resolution: {integrity: sha512-tohpUxPDht0qExRLDTM8sjRLc5d9STURNrdnK3w9A+V4pxaTBfKWWT/IqtiLfg23Vfc3Z+ImNfvRw1/0CtxrkQ==}
    dev: false
